{
    "_readme": [
        "This file locks the dependencies of your project to a known state",
        "Read more about it at https://getcomposer.org/doc/01-basic-usage.md#composer-lock-the-lock-file",
        "This file is @generated automatically"
    ],
    "hash": "fe3246509647a76ad1068f63f723deda",
    "content-hash": "17a636b43cc59e5ea4d709b10c25b40b",
    "packages": [
        {
            "name": "darkaonline/ripcord",
            "version": "v0.1.6",
            "source": {
                "type": "git",
                "url": "https://github.com/DarkaOnLine/Ripcord.git",
                "reference": "66eb8a68c07b74d604f6e0efdc28c9f80c2cf9d4"
            },
            "dist": {
                "type": "zip",
                "url": "https://api.github.com/repos/DarkaOnLine/Ripcord/zipball/66eb8a68c07b74d604f6e0efdc28c9f80c2cf9d4",
                "reference": "66eb8a68c07b74d604f6e0efdc28c9f80c2cf9d4",
                "shasum": ""
            },
            "require": {
                "php": ">=5.4"
            },
            "type": "library",
            "autoload": {
                "psr-4": {
                    "Ripcord\\": "src/Ripcord"
                }
            },
            "notification-url": "https://packagist.org/downloads/",
            "license": [
                "MIT"
            ],
            "authors": [
                {
                    "name": "Darius Matulionis",
                    "email": "darius@matulionis.lt"
                }
            ],
            "description": "RPC client and server around PHP's xmlrpc library",
            "keywords": [
                "rpc",
                "xml",
                "xmlrpc"
            ],
            "time": "2018-01-11 06:11:58"
        }
    ],
    "packages-dev": [],
    "aliases": [],
    "minimum-stability": "stable",
    "stability-flags": [],
    "prefer-stable": false,
    "prefer-lowest": false,
    "platform": [],
    "platform-dev": []
}
